
Microsoft Visual Studio Solution File, Format Version 12.00
# Visual Studio 15
VisualStudioVersion = 15.0.28307.1321
MinimumVisualStudioVersion = 10.0.40219.1
Project("{2150E333-8FDC-42A3-9474-1A3956D46DE8}") = "0-Domain", "0-Domain", "{E73531B9-EECA-4C6E-8B70-7FB7D03DE6E3}"
EndProject
Project("{2150E333-8FDC-42A3-9474-1A3956D46DE8}") = "1-Test", "1-Test", "{A7B190C4-5438-4D62-AD11-0F9F4540CA58}"
EndProject
Project("{2150E333-8FDC-42A3-9474-1A3956D46DE8}") = "2-Infra", "2-Infra", "{CF0450D7-C2C1-46B8-A8CD-A9B90B3C92BB}"
EndProject
Project("{2150E333-8FDC-42A3-9474-1A3956D46DE8}") = "3-Application", "3-Application", "{FE3514B1-3351-4D0E-A5B0-0F3EEF5831D7}"
EndProject
Project("{2150E333-8FDC-42A3-9474-1A3956D46DE8}") = "4-API", "4-API", "{83D5D629-6624-44EF-AA97-A0762CE5F1B8}"
EndProject
Project("{2150E333-8FDC-42A3-9474-1A3956D46DE8}") = "5-Presentation", "5-Presentation", "{CA4BF2F1-7F42-40DD-B627-B4A13E7D1AB5}"
EndProject
Project("{FAE04EC0-301F-11D3-BF4B-00C04F79EFBC}") = "Switch.Domain", "Switch.Domain\Switch.Domain.csproj", "{F07F3EBC-4387-4316-92C5-667D3A382A4A}"
EndProject
Project("{FAE04EC0-301F-11D3-BF4B-00C04F79EFBC}") = "Switch.Domain.Test", "Switch.Domain.Test\Switch.Domain.Test.csproj", "{4AC14379-82C2-4BE8-95BE-C757C3D525EF}"
EndProject
Project("{2150E333-8FDC-42A3-9474-1A3956D46DE8}") = "2.1CrossCutting", "2.1CrossCutting", "{F027C377-8BD3-4B89-A3A4-305F56F5B635}"
EndProject
Project("{2150E333-8FDC-42A3-9474-1A3956D46DE8}") = "2.2-Data", "2.2-Data", "{E8B52F35-03E6-45BE-AA22-343465B3CBE4}"
EndProject
Project("{FAE04EC0-301F-11D3-BF4B-00C04F79EFBC}") = "Switch.Infra.Data", "Switch.Infra.Data\Switch.Infra.Data.csproj", "{764307F1-3154-49A2-BB2E-89EE5F19F0A3}"
EndProject
Project("{FAE04EC0-301F-11D3-BF4B-00C04F79EFBC}") = "Switch.Application", "Switch.Applocation\Switch.Application.csproj", "{2FC91FA2-0DD4-40BF-822A-576351AB9C03}"
EndProject
Project("{FAE04EC0-301F-11D3-BF4B-00C04F79EFBC}") = "Switch.API", "Switch.API\Switch.API.csproj", "{C60BC23F-740D-4459-AAD8-498A6BA9D792}"
EndProject
Global
	GlobalSection(SolutionConfigurationPlatforms) = preSolution
		Debug|Any CPU = Debug|Any CPU
		Release|Any CPU = Release|Any CPU
	EndGlobalSection
	GlobalSection(ProjectConfigurationPlatforms) = postSolution
		{F07F3EBC-4387-4316-92C5-667D3A382A4A}.Debug|Any CPU.ActiveCfg = Debug|Any CPU
		{F07F3EBC-4387-4316-92C5-667D3A382A4A}.Debug|Any CPU.Build.0 = Debug|Any CPU
		{F07F3EBC-4387-4316-92C5-667D3A382A4A}.Release|Any CPU.ActiveCfg = Release|Any CPU
		{F07F3EBC-4387-4316-92C5-667D3A382A4A}.Release|Any CPU.Build.0 = Release|Any CPU
		{4AC14379-82C2-4BE8-95BE-C757C3D525EF}.Debug|Any CPU.ActiveCfg = Debug|Any CPU
		{4AC14379-82C2-4BE8-95BE-C757C3D525EF}.Debug|Any CPU.Build.0 = Debug|Any CPU
		{4AC14379-82C2-4BE8-95BE-C757C3D525EF}.Release|Any CPU.ActiveCfg = Release|Any CPU
		{4AC14379-82C2-4BE8-95BE-C757C3D525EF}.Release|Any CPU.Build.0 = Release|Any CPU
		{764307F1-3154-49A2-BB2E-89EE5F19F0A3}.Debug|Any CPU.ActiveCfg = Debug|Any CPU
		{764307F1-3154-49A2-BB2E-89EE5F19F0A3}.Debug|Any CPU.Build.0 = Debug|Any CPU
		{764307F1-3154-49A2-BB2E-89EE5F19F0A3}.Release|Any CPU.ActiveCfg = Release|Any CPU
		{764307F1-3154-49A2-BB2E-89EE5F19F0A3}.Release|Any CPU.Build.0 = Release|Any CPU
		{2FC91FA2-0DD4-40BF-822A-576351AB9C03}.Debug|Any CPU.ActiveCfg = Debug|Any CPU
		{2FC91FA2-0DD4-40BF-822A-576351AB9C03}.Debug|Any CPU.Build.0 = Debug|Any CPU
		{2FC91FA2-0DD4-40BF-822A-576351AB9C03}.Release|Any CPU.ActiveCfg = Release|Any CPU
		{2FC91FA2-0DD4-40BF-822A-576351AB9C03}.Release|Any CPU.Build.0 = Release|Any CPU
		{C60BC23F-740D-4459-AAD8-498A6BA9D792}.Debug|Any CPU.ActiveCfg = Debug|Any CPU
		{C60BC23F-740D-4459-AAD8-498A6BA9D792}.Debug|Any CPU.Build.0 = Debug|Any CPU
		{C60BC23F-740D-4459-AAD8-498A6BA9D792}.Release|Any CPU.ActiveCfg = Release|Any CPU
		{C60BC23F-740D-4459-AAD8-498A6BA9D792}.Release|Any CPU.Build.0 = Release|Any CPU
	EndGlobalSection
	GlobalSection(SolutionProperties) = preSolution
		HideSolutionNode = FALSE
	EndGlobalSection
	GlobalSection(NestedProjects) = preSolution
		{F07F3EBC-4387-4316-92C5-667D3A382A4A} = {E73531B9-EECA-4C6E-8B70-7FB7D03DE6E3}
		{4AC14379-82C2-4BE8-95BE-C757C3D525EF} = {A7B190C4-5438-4D62-AD11-0F9F4540CA58}
		{F027C377-8BD3-4B89-A3A4-305F56F5B635} = {CF0450D7-C2C1-46B8-A8CD-A9B90B3C92BB}
		{E8B52F35-03E6-45BE-AA22-343465B3CBE4} = {CF0450D7-C2C1-46B8-A8CD-A9B90B3C92BB}
		{764307F1-3154-49A2-BB2E-89EE5F19F0A3} = {E8B52F35-03E6-45BE-AA22-343465B3CBE4}
		{2FC91FA2-0DD4-40BF-822A-576351AB9C03} = {FE3514B1-3351-4D0E-A5B0-0F3EEF5831D7}
		{C60BC23F-740D-4459-AAD8-498A6BA9D792} = {83D5D629-6624-44EF-AA97-A0762CE5F1B8}
	EndGlobalSection
	GlobalSection(ExtensibilityGlobals) = postSolution
		SolutionGuid = {34CBA74B-7B6A-48D5-81CB-0874D32D1B4D}
	EndGlobalSection
EndGlobal
